# THIS IS AN AUTOGENERATED FILE. DO NOT EDIT THIS FILE DIRECTLY.
# yarn lockfile v1


chrome-promise@^2.0.2:
  version "2.1.2"
  resolved "https://registry.yarnpkg.com/chrome-promise/-/chrome-promise-2.1.2.tgz#bf3048e92a97d03085bc36c5fde18cf1178165a6"

ical.js@^1.2.2:
  version "1.2.2"
  resolved "https://registry.yarnpkg.com/ical.js/-/ical.js-1.2.2.tgz#59b517362a8f61dce0342fe67deb7c20dd119f6e"
